
Microsoft Visual Studio Solution File, Format Version 12.00
# Visual Studio Version 17
VisualStudioVersion = 17.4.33603.86
MinimumVisualStudioVersion = 10.0.40219.1
Project("{FAE04EC0-301F-11D3-BF4B-00C04F79EFBC}") = "DsaAndAlgorithm", "DsaAndAlgorithm\DsaAndAlgorithm.csproj", "{657F60E8-3530-4E3A-94BB-5FFF436C363B}"
EndProject
Global
	GlobalSection(SolutionConfigurationPlatforms) = preSolution
		Debug|Any CPU = Debug|Any CPU
		Release|Any CPU = Release|Any CPU
	EndGlobalSection
	GlobalSection(ProjectConfigurationPlatforms) = postSolution
		{657F60E8-3530-4E3A-94BB-5FFF436C363B}.Debug|Any CPU.ActiveCfg = Debug|Any CPU
		{657F60E8-3530-4E3A-94BB-5FFF436C363B}.Debug|Any CPU.Build.0 = Debug|Any CPU
		{657F60E8-3530-4E3A-94BB-5FFF436C363B}.Release|Any CPU.ActiveCfg = Release|Any CPU
		{657F60E8-3530-4E3A-94BB-5FFF436C363B}.Release|Any CPU.Build.0 = Release|Any CPU
	EndGlobalSection
	GlobalSection(SolutionProperties) = preSolution
		HideSolutionNode = FALSE
	EndGlobalSection
	GlobalSection(ExtensibilityGlobals) = postSolution
		SolutionGuid = {F4C64E8E-154C-45A7-9BC0-161048E4306B}
	EndGlobalSection
EndGlobal
