
Microsoft Visual Studio Solution File, Format Version 12.00
# Visual Studio Version 17
VisualStudioVersion = 17.4.33603.86
MinimumVisualStudioVersion = 10.0.40219.1
Project("{9A19103F-16F7-4668-BE54-9A1E7A4F7556}") = "DsaAndAlgorithm", "DsaAndAlgorithm\DsaAndAlgorithm.csproj", "{657F60E8-3530-4E3A-94BB-5FFF436C363B}"
EndProject
Project("{2150E333-8FDC-42A3-9474-1A3956D46DE8}") = "Arrays", "Arrays", "{4B107DBF-6567-4D23-B1DA-19F1A4E14EA0}"
EndProject
Project("{2150E333-8FDC-42A3-9474-1A3956D46DE8}") = "Matrix", "Matrix", "{58C98126-66B4-4CFC-BCC4-285DA0ED389D}"
EndProject
Project("{2150E333-8FDC-42A3-9474-1A3956D46DE8}") = "Strings", "Strings", "{DD00893C-53D1-4930-96F7-96AA5BA0C105}"
EndProject
Project("{9A19103F-16F7-4668-BE54-9A1E7A4F7556}") = "ProductOfArrayExceptSelf", "Arrays\ProductOfArrayExceptSelf\ProductOfArrayExceptSelf.csproj", "{2091F239-B258-4720-90E8-440BA8C3FAB5}"
EndProject
Project("{9A19103F-16F7-4668-BE54-9A1E7A4F7556}") = "ConsoleApp1", "Strings\ConsoleApp1\ConsoleApp1.csproj", "{56B4AB6D-318C-4F97-BDE7-8D847230AD4C}"
EndProject
Project("{9A19103F-16F7-4668-BE54-9A1E7A4F7556}") = "DuplicateNumberArray", "Arrays\DuplicateNumberArray\DuplicateNumberArray.csproj", "{C504153B-3C54-491A-9941-1EE80E4A247E}"
EndProject
Project("{9A19103F-16F7-4668-BE54-9A1E7A4F7556}") = "PrintMatrixInSnakePattern", "Matrix\PrintMatrixInSnakePattern\PrintMatrixInSnakePattern.csproj", "{8265B4C5-A990-4354-9C9F-E513296361A1}"
EndProject
Project("{9A19103F-16F7-4668-BE54-9A1E7A4F7556}") = "MatrixMultiDimensionArray", "Matrix\MatrixMultiDimensionArray\MatrixMultiDimensionArray.csproj", "{E1121FFC-3A35-48D1-84B0-B456D59E9123}"
EndProject
Project("{9A19103F-16F7-4668-BE54-9A1E7A4F7556}") = "MultiplyTwoMatrices", "Matrix\MultiplyTwoMatrices\MultiplyTwoMatrices.csproj", "{DC5C49A7-896E-474B-A8E1-DEC9C8CBB4B4}"
EndProject
Project("{9A19103F-16F7-4668-BE54-9A1E7A4F7556}") = "RightRotationOfArrayByDPlaces", "Matrix\RightRotateanarraybyDPlaces\RightRotationOfArrayByDPlaces.csproj", "{C93C3F4B-2BAA-4A1B-98FD-A383DE888B80}"
EndProject
Project("{9A19103F-16F7-4668-BE54-9A1E7A4F7556}") = "RotateMatrixBy90degreeAntiClockWise", "Matrix\RotateMatrixBy90degreeAntiClockWise\RotateMatrixBy90degreeAntiClockWise.csproj", "{3C02F778-7A1B-49F6-BD3E-A53A33C427D7}"
EndProject
Project("{9A19103F-16F7-4668-BE54-9A1E7A4F7556}") = "RotateMatrixBy90degreeClockWise", "Matrix\RotateMatrixBy90degreeClockWise\RotateMatrixBy90degreeClockWise.csproj", "{2135CF1B-C11C-427E-8B01-C5495DA3D37D}"
EndProject
Project("{9A19103F-16F7-4668-BE54-9A1E7A4F7556}") = "SetMatrixZero", "Matrix\SetMatrixZero\SetMatrixZero.csproj", "{EF45C03D-D243-472E-B769-F8A126467AF0}"
EndProject
Project("{9A19103F-16F7-4668-BE54-9A1E7A4F7556}") = "SpiralTraversalOfMatrix", "Matrix\SpiralTraversalOfMatrix\SpiralTraversalOfMatrix.csproj", "{08994E17-6998-4F39-9059-D2745820CF9E}"
EndProject
Project("{9A19103F-16F7-4668-BE54-9A1E7A4F7556}") = "SumOfElementsInAMatrix", "Matrix\SumOfElementsInAMatrix\SumOfElementsInAMatrix.csproj", "{0AFB8AC8-4AA1-4B0A-89F2-F6B4B0746480}"
EndProject
Project("{9A19103F-16F7-4668-BE54-9A1E7A4F7556}") = "SumOfUpperAndLowerTriangles", "Matrix\SumOfUpperAndLowerTriangles\SumOfUpperAndLowerTriangles.csproj", "{9D829B72-E7E9-49F1-85A5-171D5801AEF3}"
EndProject
Project("{9A19103F-16F7-4668-BE54-9A1E7A4F7556}") = "TransposeOfMatrixWithDimensionNxN", "Matrix\TransposeOfMatrixWithDimensionNxN\TransposeOfMatrixWithDimensionNxN.csproj", "{ACDAAC9B-8ABB-4D79-8931-DB7A01CC3AE1}"
EndProject
Project("{9A19103F-16F7-4668-BE54-9A1E7A4F7556}") = "TransposeOfMatrixWithDimensionMxN", "Matrix\TransposeOfMatrix\TransposeOfMatrixWithDimensionMxN.csproj", "{B1A8599D-A56C-495A-BBC9-147503394973}"
EndProject
Project("{9A19103F-16F7-4668-BE54-9A1E7A4F7556}") = "BestTimeToSellAndBuyStock", "Arrays\BestTimeToSellAndBuyStock\BestTimeToSellAndBuyStock.csproj", "{EC6D3DFE-302A-4665-B4F6-83E4CBFCF6DD}"
EndProject
Project("{9A19103F-16F7-4668-BE54-9A1E7A4F7556}") = "InterSectionOfTwoSortedArrays", "Arrays\InterSectionOFTwoArrays\InterSectionOfTwoSortedArrays.csproj", "{75D6DC01-23B4-4B81-A8A1-C2C9DD926F4E}"
EndProject
Project("{9A19103F-16F7-4668-BE54-9A1E7A4F7556}") = "InterSectionOfTwoUnSortedArrays", "Arrays\InterSectionOfTwoUnSortedArrays\InterSectionOfTwoUnSortedArrays.csproj", "{7C8DDD2C-5080-48A4-A21A-CDF10A97BA73}"
EndProject
Project("{9A19103F-16F7-4668-BE54-9A1E7A4F7556}") = "KthLowestElement", "Arrays\KthLowestElement\KthLowestElement.csproj", "{FE7E0839-EF0C-4F48-8E73-0D5AADD46C97}"
EndProject
Global
	GlobalSection(SolutionConfigurationPlatforms) = preSolution
		Debug|Any CPU = Debug|Any CPU
		Release|Any CPU = Release|Any CPU
	EndGlobalSection
	GlobalSection(ProjectConfigurationPlatforms) = postSolution
		{657F60E8-3530-4E3A-94BB-5FFF436C363B}.Debug|Any CPU.ActiveCfg = Debug|Any CPU
		{657F60E8-3530-4E3A-94BB-5FFF436C363B}.Debug|Any CPU.Build.0 = Debug|Any CPU
		{657F60E8-3530-4E3A-94BB-5FFF436C363B}.Release|Any CPU.ActiveCfg = Release|Any CPU
		{657F60E8-3530-4E3A-94BB-5FFF436C363B}.Release|Any CPU.Build.0 = Release|Any CPU
		{2091F239-B258-4720-90E8-440BA8C3FAB5}.Debug|Any CPU.ActiveCfg = Debug|Any CPU
		{2091F239-B258-4720-90E8-440BA8C3FAB5}.Debug|Any CPU.Build.0 = Debug|Any CPU
		{2091F239-B258-4720-90E8-440BA8C3FAB5}.Release|Any CPU.ActiveCfg = Release|Any CPU
		{2091F239-B258-4720-90E8-440BA8C3FAB5}.Release|Any CPU.Build.0 = Release|Any CPU
		{56B4AB6D-318C-4F97-BDE7-8D847230AD4C}.Debug|Any CPU.ActiveCfg = Debug|Any CPU
		{56B4AB6D-318C-4F97-BDE7-8D847230AD4C}.Debug|Any CPU.Build.0 = Debug|Any CPU
		{56B4AB6D-318C-4F97-BDE7-8D847230AD4C}.Release|Any CPU.ActiveCfg = Release|Any CPU
		{56B4AB6D-318C-4F97-BDE7-8D847230AD4C}.Release|Any CPU.Build.0 = Release|Any CPU
		{C504153B-3C54-491A-9941-1EE80E4A247E}.Debug|Any CPU.ActiveCfg = Debug|Any CPU
		{C504153B-3C54-491A-9941-1EE80E4A247E}.Debug|Any CPU.Build.0 = Debug|Any CPU
		{C504153B-3C54-491A-9941-1EE80E4A247E}.Release|Any CPU.ActiveCfg = Release|Any CPU
		{C504153B-3C54-491A-9941-1EE80E4A247E}.Release|Any CPU.Build.0 = Release|Any CPU
		{8265B4C5-A990-4354-9C9F-E513296361A1}.Debug|Any CPU.ActiveCfg = Debug|Any CPU
		{8265B4C5-A990-4354-9C9F-E513296361A1}.Debug|Any CPU.Build.0 = Debug|Any CPU
		{8265B4C5-A990-4354-9C9F-E513296361A1}.Release|Any CPU.ActiveCfg = Release|Any CPU
		{8265B4C5-A990-4354-9C9F-E513296361A1}.Release|Any CPU.Build.0 = Release|Any CPU
		{E1121FFC-3A35-48D1-84B0-B456D59E9123}.Debug|Any CPU.ActiveCfg = Debug|Any CPU
		{E1121FFC-3A35-48D1-84B0-B456D59E9123}.Debug|Any CPU.Build.0 = Debug|Any CPU
		{E1121FFC-3A35-48D1-84B0-B456D59E9123}.Release|Any CPU.ActiveCfg = Release|Any CPU
		{E1121FFC-3A35-48D1-84B0-B456D59E9123}.Release|Any CPU.Build.0 = Release|Any CPU
		{DC5C49A7-896E-474B-A8E1-DEC9C8CBB4B4}.Debug|Any CPU.ActiveCfg = Debug|Any CPU
		{DC5C49A7-896E-474B-A8E1-DEC9C8CBB4B4}.Debug|Any CPU.Build.0 = Debug|Any CPU
		{DC5C49A7-896E-474B-A8E1-DEC9C8CBB4B4}.Release|Any CPU.ActiveCfg = Release|Any CPU
		{DC5C49A7-896E-474B-A8E1-DEC9C8CBB4B4}.Release|Any CPU.Build.0 = Release|Any CPU
		{C93C3F4B-2BAA-4A1B-98FD-A383DE888B80}.Debug|Any CPU.ActiveCfg = Debug|Any CPU
		{C93C3F4B-2BAA-4A1B-98FD-A383DE888B80}.Debug|Any CPU.Build.0 = Debug|Any CPU
		{C93C3F4B-2BAA-4A1B-98FD-A383DE888B80}.Release|Any CPU.ActiveCfg = Release|Any CPU
		{C93C3F4B-2BAA-4A1B-98FD-A383DE888B80}.Release|Any CPU.Build.0 = Release|Any CPU
		{3C02F778-7A1B-49F6-BD3E-A53A33C427D7}.Debug|Any CPU.ActiveCfg = Debug|Any CPU
		{3C02F778-7A1B-49F6-BD3E-A53A33C427D7}.Debug|Any CPU.Build.0 = Debug|Any CPU
		{3C02F778-7A1B-49F6-BD3E-A53A33C427D7}.Release|Any CPU.ActiveCfg = Release|Any CPU
		{3C02F778-7A1B-49F6-BD3E-A53A33C427D7}.Release|Any CPU.Build.0 = Release|Any CPU
		{2135CF1B-C11C-427E-8B01-C5495DA3D37D}.Debug|Any CPU.ActiveCfg = Debug|Any CPU
		{2135CF1B-C11C-427E-8B01-C5495DA3D37D}.Debug|Any CPU.Build.0 = Debug|Any CPU
		{2135CF1B-C11C-427E-8B01-C5495DA3D37D}.Release|Any CPU.ActiveCfg = Release|Any CPU
		{2135CF1B-C11C-427E-8B01-C5495DA3D37D}.Release|Any CPU.Build.0 = Release|Any CPU
		{EF45C03D-D243-472E-B769-F8A126467AF0}.Debug|Any CPU.ActiveCfg = Debug|Any CPU
		{EF45C03D-D243-472E-B769-F8A126467AF0}.Debug|Any CPU.Build.0 = Debug|Any CPU
		{EF45C03D-D243-472E-B769-F8A126467AF0}.Release|Any CPU.ActiveCfg = Release|Any CPU
		{EF45C03D-D243-472E-B769-F8A126467AF0}.Release|Any CPU.Build.0 = Release|Any CPU
		{08994E17-6998-4F39-9059-D2745820CF9E}.Debug|Any CPU.ActiveCfg = Debug|Any CPU
		{08994E17-6998-4F39-9059-D2745820CF9E}.Debug|Any CPU.Build.0 = Debug|Any CPU
		{08994E17-6998-4F39-9059-D2745820CF9E}.Release|Any CPU.ActiveCfg = Release|Any CPU
		{08994E17-6998-4F39-9059-D2745820CF9E}.Release|Any CPU.Build.0 = Release|Any CPU
		{0AFB8AC8-4AA1-4B0A-89F2-F6B4B0746480}.Debug|Any CPU.ActiveCfg = Debug|Any CPU
		{0AFB8AC8-4AA1-4B0A-89F2-F6B4B0746480}.Debug|Any CPU.Build.0 = Debug|Any CPU
		{0AFB8AC8-4AA1-4B0A-89F2-F6B4B0746480}.Release|Any CPU.ActiveCfg = Release|Any CPU
		{0AFB8AC8-4AA1-4B0A-89F2-F6B4B0746480}.Release|Any CPU.Build.0 = Release|Any CPU
		{9D829B72-E7E9-49F1-85A5-171D5801AEF3}.Debug|Any CPU.ActiveCfg = Debug|Any CPU
		{9D829B72-E7E9-49F1-85A5-171D5801AEF3}.Debug|Any CPU.Build.0 = Debug|Any CPU
		{9D829B72-E7E9-49F1-85A5-171D5801AEF3}.Release|Any CPU.ActiveCfg = Release|Any CPU
		{9D829B72-E7E9-49F1-85A5-171D5801AEF3}.Release|Any CPU.Build.0 = Release|Any CPU
		{ACDAAC9B-8ABB-4D79-8931-DB7A01CC3AE1}.Debug|Any CPU.ActiveCfg = Debug|Any CPU
		{ACDAAC9B-8ABB-4D79-8931-DB7A01CC3AE1}.Debug|Any CPU.Build.0 = Debug|Any CPU
		{ACDAAC9B-8ABB-4D79-8931-DB7A01CC3AE1}.Release|Any CPU.ActiveCfg = Release|Any CPU
		{ACDAAC9B-8ABB-4D79-8931-DB7A01CC3AE1}.Release|Any CPU.Build.0 = Release|Any CPU
		{B1A8599D-A56C-495A-BBC9-147503394973}.Debug|Any CPU.ActiveCfg = Debug|Any CPU
		{B1A8599D-A56C-495A-BBC9-147503394973}.Debug|Any CPU.Build.0 = Debug|Any CPU
		{B1A8599D-A56C-495A-BBC9-147503394973}.Release|Any CPU.ActiveCfg = Release|Any CPU
		{B1A8599D-A56C-495A-BBC9-147503394973}.Release|Any CPU.Build.0 = Release|Any CPU
		{EC6D3DFE-302A-4665-B4F6-83E4CBFCF6DD}.Debug|Any CPU.ActiveCfg = Debug|Any CPU
		{EC6D3DFE-302A-4665-B4F6-83E4CBFCF6DD}.Debug|Any CPU.Build.0 = Debug|Any CPU
		{EC6D3DFE-302A-4665-B4F6-83E4CBFCF6DD}.Release|Any CPU.ActiveCfg = Release|Any CPU
		{EC6D3DFE-302A-4665-B4F6-83E4CBFCF6DD}.Release|Any CPU.Build.0 = Release|Any CPU
		{75D6DC01-23B4-4B81-A8A1-C2C9DD926F4E}.Debug|Any CPU.ActiveCfg = Debug|Any CPU
		{75D6DC01-23B4-4B81-A8A1-C2C9DD926F4E}.Debug|Any CPU.Build.0 = Debug|Any CPU
		{75D6DC01-23B4-4B81-A8A1-C2C9DD926F4E}.Release|Any CPU.ActiveCfg = Release|Any CPU
		{75D6DC01-23B4-4B81-A8A1-C2C9DD926F4E}.Release|Any CPU.Build.0 = Release|Any CPU
		{7C8DDD2C-5080-48A4-A21A-CDF10A97BA73}.Debug|Any CPU.ActiveCfg = Debug|Any CPU
		{7C8DDD2C-5080-48A4-A21A-CDF10A97BA73}.Debug|Any CPU.Build.0 = Debug|Any CPU
		{7C8DDD2C-5080-48A4-A21A-CDF10A97BA73}.Release|Any CPU.ActiveCfg = Release|Any CPU
		{7C8DDD2C-5080-48A4-A21A-CDF10A97BA73}.Release|Any CPU.Build.0 = Release|Any CPU
		{FE7E0839-EF0C-4F48-8E73-0D5AADD46C97}.Debug|Any CPU.ActiveCfg = Debug|Any CPU
		{FE7E0839-EF0C-4F48-8E73-0D5AADD46C97}.Debug|Any CPU.Build.0 = Debug|Any CPU
		{FE7E0839-EF0C-4F48-8E73-0D5AADD46C97}.Release|Any CPU.ActiveCfg = Release|Any CPU
		{FE7E0839-EF0C-4F48-8E73-0D5AADD46C97}.Release|Any CPU.Build.0 = Release|Any CPU
	EndGlobalSection
	GlobalSection(SolutionProperties) = preSolution
		HideSolutionNode = FALSE
	EndGlobalSection
	GlobalSection(NestedProjects) = preSolution
		{2091F239-B258-4720-90E8-440BA8C3FAB5} = {4B107DBF-6567-4D23-B1DA-19F1A4E14EA0}
		{56B4AB6D-318C-4F97-BDE7-8D847230AD4C} = {DD00893C-53D1-4930-96F7-96AA5BA0C105}
		{C504153B-3C54-491A-9941-1EE80E4A247E} = {4B107DBF-6567-4D23-B1DA-19F1A4E14EA0}
		{8265B4C5-A990-4354-9C9F-E513296361A1} = {58C98126-66B4-4CFC-BCC4-285DA0ED389D}
		{E1121FFC-3A35-48D1-84B0-B456D59E9123} = {58C98126-66B4-4CFC-BCC4-285DA0ED389D}
		{DC5C49A7-896E-474B-A8E1-DEC9C8CBB4B4} = {58C98126-66B4-4CFC-BCC4-285DA0ED389D}
		{C93C3F4B-2BAA-4A1B-98FD-A383DE888B80} = {58C98126-66B4-4CFC-BCC4-285DA0ED389D}
		{3C02F778-7A1B-49F6-BD3E-A53A33C427D7} = {58C98126-66B4-4CFC-BCC4-285DA0ED389D}
		{2135CF1B-C11C-427E-8B01-C5495DA3D37D} = {58C98126-66B4-4CFC-BCC4-285DA0ED389D}
		{EF45C03D-D243-472E-B769-F8A126467AF0} = {58C98126-66B4-4CFC-BCC4-285DA0ED389D}
		{08994E17-6998-4F39-9059-D2745820CF9E} = {58C98126-66B4-4CFC-BCC4-285DA0ED389D}
		{0AFB8AC8-4AA1-4B0A-89F2-F6B4B0746480} = {58C98126-66B4-4CFC-BCC4-285DA0ED389D}
		{9D829B72-E7E9-49F1-85A5-171D5801AEF3} = {58C98126-66B4-4CFC-BCC4-285DA0ED389D}
		{ACDAAC9B-8ABB-4D79-8931-DB7A01CC3AE1} = {58C98126-66B4-4CFC-BCC4-285DA0ED389D}
		{B1A8599D-A56C-495A-BBC9-147503394973} = {58C98126-66B4-4CFC-BCC4-285DA0ED389D}
		{EC6D3DFE-302A-4665-B4F6-83E4CBFCF6DD} = {4B107DBF-6567-4D23-B1DA-19F1A4E14EA0}
		{75D6DC01-23B4-4B81-A8A1-C2C9DD926F4E} = {4B107DBF-6567-4D23-B1DA-19F1A4E14EA0}
		{7C8DDD2C-5080-48A4-A21A-CDF10A97BA73} = {4B107DBF-6567-4D23-B1DA-19F1A4E14EA0}
		{FE7E0839-EF0C-4F48-8E73-0D5AADD46C97} = {4B107DBF-6567-4D23-B1DA-19F1A4E14EA0}
	EndGlobalSection
	GlobalSection(ExtensibilityGlobals) = postSolution
		SolutionGuid = {F4C64E8E-154C-45A7-9BC0-161048E4306B}
	EndGlobalSection
EndGlobal
